
Microsoft Visual Studio Solution File, Format Version 12.00
# Visual Studio Version 16
VisualStudioVersion = 16.0.29418.71
MinimumVisualStudioVersion = 10.0.40219.1
Project("{9A19103F-16F7-4668-BE54-9A1E7A4F7556}") = "FileToVox", "SchematicToVoxCore\FileToVox.csproj", "{F24C61D3-C2D6-4208-BB30-79236DA8019E}"
EndProject
Project("{FAE04EC0-301F-11D3-BF4B-00C04F79EFBC}") = "FileToVoxCommon", "FileToVoxCommon\FileToVoxCommon.csproj", "{F0315853-7D9C-43CA-90CB-B30F1639F216}"
EndProject
Global
	GlobalSection(SolutionConfigurationPlatforms) = preSolution
		Debug|Any CPU = Debug|Any CPU
		Debug|x64 = Debug|x64
		Debug|x86 = Debug|x86
		Release|Any CPU = Release|Any CPU
		Release|x64 = Release|x64
		Release|x86 = Release|x86
	EndGlobalSection
	GlobalSection(ProjectConfigurationPlatforms) = postSolution
		{F24C61D3-C2D6-4208-BB30-79236DA8019E}.Debug|Any CPU.ActiveCfg = Debug|Any CPU
		{F24C61D3-C2D6-4208-BB30-79236DA8019E}.Debug|Any CPU.Build.0 = Debug|Any CPU
		{F24C61D3-C2D6-4208-BB30-79236DA8019E}.Debug|x64.ActiveCfg = Debug|Any CPU
		{F24C61D3-C2D6-4208-BB30-79236DA8019E}.Debug|x64.Build.0 = Debug|Any CPU
		{F24C61D3-C2D6-4208-BB30-79236DA8019E}.Debug|x86.ActiveCfg = Debug|Any CPU
		{F24C61D3-C2D6-4208-BB30-79236DA8019E}.Debug|x86.Build.0 = Debug|Any CPU
		{F24C61D3-C2D6-4208-BB30-79236DA8019E}.Release|Any CPU.ActiveCfg = Release|Any CPU
		{F24C61D3-C2D6-4208-BB30-79236DA8019E}.Release|Any CPU.Build.0 = Release|Any CPU
		{F24C61D3-C2D6-4208-BB30-79236DA8019E}.Release|x64.ActiveCfg = Release|Any CPU
		{F24C61D3-C2D6-4208-BB30-79236DA8019E}.Release|x64.Build.0 = Release|Any CPU
		{F24C61D3-C2D6-4208-BB30-79236DA8019E}.Release|x86.ActiveCfg = Release|Any CPU
		{F24C61D3-C2D6-4208-BB30-79236DA8019E}.Release|x86.Build.0 = Release|Any CPU
		{F0315853-7D9C-43CA-90CB-B30F1639F216}.Debug|Any CPU.ActiveCfg = Debug|Any CPU
		{F0315853-7D9C-43CA-90CB-B30F1639F216}.Debug|Any CPU.Build.0 = Debug|Any CPU
		{F0315853-7D9C-43CA-90CB-B30F1639F216}.Debug|x64.ActiveCfg = Debug|Any CPU
		{F0315853-7D9C-43CA-90CB-B30F1639F216}.Debug|x64.Build.0 = Debug|Any CPU
		{F0315853-7D9C-43CA-90CB-B30F1639F216}.Debug|x86.ActiveCfg = Debug|Any CPU
		{F0315853-7D9C-43CA-90CB-B30F1639F216}.Debug|x86.Build.0 = Debug|Any CPU
		{F0315853-7D9C-43CA-90CB-B30F1639F216}.Release|Any CPU.ActiveCfg = Release|Any CPU
		{F0315853-7D9C-43CA-90CB-B30F1639F216}.Release|Any CPU.Build.0 = Release|Any CPU
		{F0315853-7D9C-43CA-90CB-B30F1639F216}.Release|x64.ActiveCfg = Release|Any CPU
		{F0315853-7D9C-43CA-90CB-B30F1639F216}.Release|x64.Build.0 = Release|Any CPU
		{F0315853-7D9C-43CA-90CB-B30F1639F216}.Release|x86.ActiveCfg = Release|Any CPU
		{F0315853-7D9C-43CA-90CB-B30F1639F216}.Release|x86.Build.0 = Release|Any CPU
	EndGlobalSection
	GlobalSection(SolutionProperties) = preSolution
		HideSolutionNode = FALSE
	EndGlobalSection
	GlobalSection(ExtensibilityGlobals) = postSolution
		SolutionGuid = {E509D0AE-DCD8-49CD-AF18-DA2EDC427C2C}
	EndGlobalSection
EndGlobal
