
Microsoft Visual Studio Solution File, Format Version 12.00
# Visual Studio 15
VisualStudioVersion = 15.0.27130.2027
MinimumVisualStudioVersion = 10.0.40219.1
Project("{FAE04EC0-301F-11D3-BF4B-00C04F79EFBC}") = "SchematicToVox", "SchematicToVox\SchematicToVox.csproj", "{1FD626C4-7AD2-4866-AFF0-3B465DF46E2D}"
	ProjectSection(ProjectDependencies) = postProject
		{4488498D-976D-4DA3-BF72-109531AF0488} = {4488498D-976D-4DA3-BF72-109531AF0488}
		{70942BCF-342E-4E3C-BE5D-ABB934C3A917} = {70942BCF-342E-4E3C-BE5D-ABB934C3A917}
	EndProjectSection
EndProject
Project("{FAE04EC0-301F-11D3-BF4B-00C04F79EFBC}") = "SchematicReader", "SchematicToVox\.NETSchematicReader\SchematicReader\SchematicReader\SchematicReader.csproj", "{70942BCF-342E-4E3C-BE5D-ABB934C3A917}"
	ProjectSection(ProjectDependencies) = postProject
		{4488498D-976D-4DA3-BF72-109531AF0488} = {4488498D-976D-4DA3-BF72-109531AF0488}
	EndProjectSection
EndProject
Project("{FAE04EC0-301F-11D3-BF4B-00C04F79EFBC}") = "fNbt", "SchematicToVox\.NETSchematicReader\fNbt\fNbt\fNbt.csproj", "{4488498D-976D-4DA3-BF72-109531AF0488}"
EndProject
Global
	GlobalSection(SolutionConfigurationPlatforms) = preSolution
		Debug|Any CPU = Debug|Any CPU
		Release|Any CPU = Release|Any CPU
	EndGlobalSection
	GlobalSection(ProjectConfigurationPlatforms) = postSolution
		{1FD626C4-7AD2-4866-AFF0-3B465DF46E2D}.Debug|Any CPU.ActiveCfg = Debug|Any CPU
		{1FD626C4-7AD2-4866-AFF0-3B465DF46E2D}.Debug|Any CPU.Build.0 = Debug|Any CPU
		{1FD626C4-7AD2-4866-AFF0-3B465DF46E2D}.Release|Any CPU.ActiveCfg = Release|Any CPU
		{1FD626C4-7AD2-4866-AFF0-3B465DF46E2D}.Release|Any CPU.Build.0 = Release|Any CPU
		{70942BCF-342E-4E3C-BE5D-ABB934C3A917}.Debug|Any CPU.ActiveCfg = Debug|Any CPU
		{70942BCF-342E-4E3C-BE5D-ABB934C3A917}.Debug|Any CPU.Build.0 = Debug|Any CPU
		{70942BCF-342E-4E3C-BE5D-ABB934C3A917}.Release|Any CPU.ActiveCfg = Release|Any CPU
		{70942BCF-342E-4E3C-BE5D-ABB934C3A917}.Release|Any CPU.Build.0 = Release|Any CPU
		{4488498D-976D-4DA3-BF72-109531AF0488}.Debug|Any CPU.ActiveCfg = Debug|Any CPU
		{4488498D-976D-4DA3-BF72-109531AF0488}.Debug|Any CPU.Build.0 = Debug|Any CPU
		{4488498D-976D-4DA3-BF72-109531AF0488}.Release|Any CPU.ActiveCfg = Release|Any CPU
		{4488498D-976D-4DA3-BF72-109531AF0488}.Release|Any CPU.Build.0 = Release|Any CPU
	EndGlobalSection
	GlobalSection(SolutionProperties) = preSolution
		HideSolutionNode = FALSE
	EndGlobalSection
	GlobalSection(ExtensibilityGlobals) = postSolution
		SolutionGuid = {E509D0AE-DCD8-49CD-AF18-DA2EDC427C2C}
	EndGlobalSection
EndGlobal
